
Microsoft Visual Studio Solution File, Format Version 12.00
# Visual Studio Version 17
VisualStudioVersion = 17.12.35728.132
MinimumVisualStudioVersion = 10.0.40219.1
Project("{FAE04EC0-301F-11D3-BF4B-00C04F79EFBC}") = "LocalStackTestAPI", "LocalStackTestAPI\LocalStackTestAPI.csproj", "{8AD6F91F-0122-4CAC-8B1B-8F305C652C8A}"
EndProject
Project("{E53339B2-1760-4266-BCC7-CA923CBCF16C}") = "docker-compose", "docker-compose.dcproj", "{CCC7A2EB-B028-468C-8D08-58CDFA7D2E2B}"
EndProject
Global
	GlobalSection(SolutionConfigurationPlatforms) = preSolution
		Debug|Any CPU = Debug|Any CPU
		Release|Any CPU = Release|Any CPU
	EndGlobalSection
	GlobalSection(ProjectConfigurationPlatforms) = postSolution
		{8AD6F91F-0122-4CAC-8B1B-8F305C652C8A}.Debug|Any CPU.ActiveCfg = Debug|Any CPU
		{8AD6F91F-0122-4CAC-8B1B-8F305C652C8A}.Debug|Any CPU.Build.0 = Debug|Any CPU
		{8AD6F91F-0122-4CAC-8B1B-8F305C652C8A}.Release|Any CPU.ActiveCfg = Release|Any CPU
		{8AD6F91F-0122-4CAC-8B1B-8F305C652C8A}.Release|Any CPU.Build.0 = Release|Any CPU
		{CCC7A2EB-B028-468C-8D08-58CDFA7D2E2B}.Debug|Any CPU.ActiveCfg = Debug|Any CPU
		{CCC7A2EB-B028-468C-8D08-58CDFA7D2E2B}.Debug|Any CPU.Build.0 = Debug|Any CPU
		{CCC7A2EB-B028-468C-8D08-58CDFA7D2E2B}.Release|Any CPU.ActiveCfg = Release|Any CPU
		{CCC7A2EB-B028-468C-8D08-58CDFA7D2E2B}.Release|Any CPU.Build.0 = Release|Any CPU
	EndGlobalSection
	GlobalSection(SolutionProperties) = preSolution
		HideSolutionNode = FALSE
	EndGlobalSection
EndGlobal
